
Microsoft Visual Studio Solution File, Format Version 12.00
# Visual Studio Version 16
VisualStudioVersion = 16.0.29613.14
MinimumVisualStudioVersion = 10.0.40219.1
Project("{2150E333-8FDC-42A3-9474-1A3956D46DE8}") = "TipCalculator", "TipCalculator", "{A90F22C4-36C8-49C7-84D8-4F5FD1C4A11F}"
EndProject
Project("{FAE04EC0-301F-11D3-BF4B-00C04F79EFBC}") = "TipCalculator.Core", "TipCalculator.Core\TipCalculator.Core.csproj", "{9B0221CB-9286-4AF2-BD50-77C82837FC29}"
EndProject
Project("{FAE04EC0-301F-11D3-BF4B-00C04F79EFBC}") = "TipCalculator.Android", "TipCalculator.Android\TipCalculator.Android.csproj", "{FCE270D6-3AF0-4735-A839-7287F51132A7}"
EndProject
Global
	GlobalSection(SolutionConfigurationPlatforms) = preSolution
		Debug|Any CPU = Debug|Any CPU
		Release|Any CPU = Release|Any CPU
	EndGlobalSection
	GlobalSection(ProjectConfigurationPlatforms) = postSolution
		{9B0221CB-9286-4AF2-BD50-77C82837FC29}.Debug|Any CPU.ActiveCfg = Debug|Any CPU
		{9B0221CB-9286-4AF2-BD50-77C82837FC29}.Debug|Any CPU.Build.0 = Debug|Any CPU
		{9B0221CB-9286-4AF2-BD50-77C82837FC29}.Release|Any CPU.ActiveCfg = Release|Any CPU
		{9B0221CB-9286-4AF2-BD50-77C82837FC29}.Release|Any CPU.Build.0 = Release|Any CPU
		{FCE270D6-3AF0-4735-A839-7287F51132A7}.Debug|Any CPU.ActiveCfg = Debug|Any CPU
		{FCE270D6-3AF0-4735-A839-7287F51132A7}.Debug|Any CPU.Build.0 = Debug|Any CPU
		{FCE270D6-3AF0-4735-A839-7287F51132A7}.Debug|Any CPU.Deploy.0 = Debug|Any CPU
		{FCE270D6-3AF0-4735-A839-7287F51132A7}.Release|Any CPU.ActiveCfg = Release|Any CPU
		{FCE270D6-3AF0-4735-A839-7287F51132A7}.Release|Any CPU.Build.0 = Release|Any CPU
		{FCE270D6-3AF0-4735-A839-7287F51132A7}.Release|Any CPU.Deploy.0 = Release|Any CPU
	EndGlobalSection
	GlobalSection(SolutionProperties) = preSolution
		HideSolutionNode = FALSE
	EndGlobalSection
	GlobalSection(NestedProjects) = preSolution
		{9B0221CB-9286-4AF2-BD50-77C82837FC29} = {A90F22C4-36C8-49C7-84D8-4F5FD1C4A11F}
		{FCE270D6-3AF0-4735-A839-7287F51132A7} = {A90F22C4-36C8-49C7-84D8-4F5FD1C4A11F}
	EndGlobalSection
	GlobalSection(ExtensibilityGlobals) = postSolution
		SolutionGuid = {2AE8EF75-90AB-403D-85EA-85FE0CF53EA5}
	EndGlobalSection
EndGlobal
